lockfile_version: '1'
generated_at: '2026-04-24T10:12:15.774504+00:00'
apm_version: 0.9.2
dependencies:
- repo_url: korylus/guidelines
  host: github.com
  resolved_commit: 6986922cdc13cd5011c74318be1471d17eaf8a64
  resolved_ref: v1.0.0
  package_type: apm_package
  deployed_files:
  - .claude/rules/apm.md
  - .claude/rules/common.md
  - .claude/rules/go-architecture.md
  - .claude/rules/go-coding.md
  - .claude/rules/go-common.md
  - .claude/rules/go-development.md
  - .claude/rules/go-handler.md
  - .claude/rules/go-i18n.md
  - .claude/rules/go-security.md
  - .claude/rules/go-templ.md
  - .claude/rules/go-testing.md
  - .claude/rules/go-usecase.md
  - .claude/rules/go-validation.md
  - .claude/rules/rails-architecture.md
  - .claude/rules/rails-common.md
  - .claude/rules/rails-security.md
  - .claude/rules/rails-testing.md
  - .claude/skills/commit
  - .claude/skills/fix-dependabot-alert
  - .claude/skills/htmx4
  - .claude/skills/review
  - .claude/skills/review-pr
  - .claude/skills/sync
  - .claude/skills/write-help-page
  deployed_file_hashes:
    .claude/rules/apm.md: sha256:12085669d1359b920ccad15cc364a3550d6eb4a14d34b61a33a5054637217b63
    .claude/rules/common.md: sha256:4ff0a327b13a002043a48f8b49529b66a53e3603dd522e728922e331d2553fd0
    .claude/rules/go-architecture.md: sha256:347f1307a478efdaef255c89bec29eb5e7f836e9c723456176cd5163181b5f96
    .claude/rules/go-coding.md: sha256:fc532a44d25dae97bbd9eb9da42c17ae6a5c9e2a7ff6f69edf7813f2656768fa
    .claude/rules/go-common.md: sha256:1b1c1e84956ab3180271ca73abdb55ab2b5d9abda09949d614f6001b535e82a9
    .claude/rules/go-development.md: sha256:866c04528bb1e155bd5382bf7266b22f81b660c7d6254956095ae8d261136936
    .claude/rules/go-handler.md: sha256:09364d6ca0cd70ed1f088e216954ed4792fa44681fa7249012cfb390d401c218
    .claude/rules/go-i18n.md: sha256:133a1c740c29a7ad882b47d0d598d53ad83dc4a69ae9dfe2348ab2389f181c8c
    .claude/rules/go-security.md: sha256:e54b166cb331a88441f3089f5a1271da483ff7343eb0940692baa3edf9b2d5b6
    .claude/rules/go-templ.md: sha256:324ad1cec613d89d8d64910a0b321ef2d6113337a377d8fc145cdaa4af376e7c
    .claude/rules/go-testing.md: sha256:a24dfaf7b576cf9782f90c48862f530d35d2c3af4f0e2e9760b74809eae01fed
    .claude/rules/go-usecase.md: sha256:bef441a17c4c2e67ae9336e42164ab72a6642b852eba82762da5a53ea89cbcf5
    .claude/rules/go-validation.md: sha256:88f74b204bc9c2924ec511ec0a5a1dd2447afddf857af108467248d0ab5c7b32
    .claude/rules/rails-architecture.md: sha256:a48870a0d6ed277b515c9beb75fdb27485206acdeccb9f741c46df09b8f4e256
    .claude/rules/rails-common.md: sha256:c4f2466a654e18f6cd35db5a425efa49356613e600345f2bc43a05c91b088f52
    .claude/rules/rails-security.md: sha256:0275f8407a660fa966dd13390050aa0fcb9b91ee8f6c7af281b6bcaee44b2c55
    .claude/rules/rails-testing.md: sha256:b10cfb829607e003c5f9b78f6be7f65fc3b7f5b1a2671d4f2e8aad25191af01a
  content_hash: sha256:3e0988866caa4eeaa7c46c07f82306ae72f08004f78d3ef18dbbe40a3854a549
