lockfileVersion: '9.0'

settings:
  autoInstallPeers: true
  excludeLinksFromLockfile: false

importers:

  .:
    devDependencies:
      oxfmt:
        specifier: ^0.35.0
        version: 0.35.0

packages:

  '@oxfmt/binding-android-arm-eabi@0.35.0':
    resolution: {integrity: sha512-BaRKlM3DyG81y/xWTsE6gZiv89F/3pHe2BqX2H4JbiB8HNVlWWtplzgATAE5IDSdwChdeuWLDTQzJ92Lglw3ZA==}
    engines: {node: ^20.19.0 || >=22.12.0}
    cpu: [arm]
    os: [android]

  '@oxfmt/binding-android-arm64@0.35.0':
    resolution: {integrity: sha512-/O+EbuAJYs6nde/anv+aID6uHsGQApyE9JtYBo/79KyU8e6RBN3DMbT0ix97y1SOnCglurmL2iZ+hlohjP2PnQ==}
    engines: {node: ^20.19.0 || >=22.12.0}
    cpu: [arm64]
    os: [android]

  '@oxfmt/binding-darwin-arm64@0.35.0':
    resolution: {integrity: sha512-pGqRtqlNdn9d4VrmGUWVyQjkw79ryhI6je9y2jfqNUIZCfqceob+R97YYAoG7C5TFyt8ILdLVoN+L2vw/hSFyA==}
    engines: {node: ^20.19.0 || >=22.12.0}
    cpu: [arm64]
    os: [darwin]

  '@oxfmt/binding-darwin-x64@0.35.0':
    resolution: {integrity: sha512-8GmsDcSozTPjrCJeGpp+sCmS9+9V5yRrdEZ1p/sTWxPG5nYeAfSLuS0nuEYjXSO+CtdSbStIW6dxa+4NM58yRw==}
    engines: {node: ^20.19.0 || >=22.12.0}
    cpu: [x64]
    os: [darwin]

  '@oxfmt/binding-freebsd-x64@0.35.0':
    resolution: {integrity: sha512-QyfKfTe0ytHpFKHAcHCGQEzN45QSqq1AHJOYYxQMgLM3KY4xu8OsXHpCnINjDsV4XGnQzczJDU9e04Zmd8XqIQ==}
    engines: {node: ^20.19.0 || >=22.12.0}
    cpu: [x64]
    os: [freebsd]

  '@oxfmt/binding-linux-arm-gnueabihf@0.35.0':
    resolution: {integrity: sha512-u+kv3JD6P3J38oOyUaiCqgY5TNESzBRZJ5lyZQ6c2czUW2v5SIN9E/KWWa9vxoc+P8AFXQFUVrdzGy1tK+nbPQ==}
    engines: {node: ^20.19.0 || >=22.12.0}
    cpu: [arm]
    os: [linux]

  '@oxfmt/binding-linux-arm-musleabihf@0.35.0':
    resolution: {integrity: sha512-1NiZroCiV57I7Pf8kOH4XGR366kW5zir3VfSMBU2D0V14GpYjiYmPYFAoJboZvp8ACnZKUReWyMkNKSa5ad58A==}
    engines: {node: ^20.19.0 || >=22.12.0}
    cpu: [arm]
    os: [linux]

  '@oxfmt/binding-linux-arm64-gnu@0.35.0':
    resolution: {integrity: sha512-7Q0Xeg7ZnW2nxnZ4R7aF6DEbCFls4skgHZg+I63XitpNvJCbVIU8MFOTZlvZGRsY9+rPgWPQGeUpLHlyx0wvMA==}
    engines: {node: ^20.19.0 || >=22.12.0}
    cpu: [arm64]
    os: [linux]

  '@oxfmt/binding-linux-arm64-musl@0.35.0':
    resolution: {integrity: sha512-5Okqi+uhYFxwKz8hcnUftNNwdm8BCkf6GSCbcz9xJxYMm87k1E4p7PEmAAbhLTk7cjSdDre6TDL0pDzNX+Y22Q==}
    engines: {node: ^20.19.0 || >=22.12.0}
    cpu: [arm64]
    os: [linux]

  '@oxfmt/binding-linux-ppc64-gnu@0.35.0':
    resolution: {integrity: sha512-9k66pbZQXM/lBJWys3Xbc5yhl4JexyfqkEf/tvtq8976VIJnLAAL3M127xHA3ifYSqxdVHfVGTg84eiBHCGcNw==}
    engines: {node: ^20.19.0 || >=22.12.0}
    cpu: [ppc64]
    os: [linux]

  '@oxfmt/binding-linux-riscv64-gnu@0.35.0':
    resolution: {integrity: sha512-aUcY9ofKPtjO52idT6t0SAQvEF6ctjzUQa1lLp7GDsRpSBvuTrBQGeq0rYKz3gN8dMIQ7mtMdGD9tT4LhR8jAQ==}
    engines: {node: ^20.19.0 || >=22.12.0}
    cpu: [riscv64]
    os: [linux]

  '@oxfmt/binding-linux-riscv64-musl@0.35.0':
    resolution: {integrity: sha512-C6yhY5Hvc2sGM+mCPek9ZLe5xRUOC/BvhAt2qIWFAeXMn4il04EYIjl3DsWiJr0xDMTJhvMOmD55xTRPlNp39w==}
    engines: {node: ^20.19.0 || >=22.12.0}
    cpu: [riscv64]
    os: [linux]

  '@oxfmt/binding-linux-s390x-gnu@0.35.0':
    resolution: {integrity: sha512-RG2hlvOMK4OMZpO3mt8MpxLQ0AAezlFqhn5mI/g5YrVbPFyoCv9a34AAvbSJS501ocOxlFIRcKEuw5hFvddf9g==}
    engines: {node: ^20.19.0 || >=22.12.0}
    cpu: [s390x]
    os: [linux]

  '@oxfmt/binding-linux-x64-gnu@0.35.0':
    resolution: {integrity: sha512-wzmh90Pwvqj9xOKHJjkQYBpydRkaXG77ZvDz+iFDRRQpnqIEqGm5gmim2s6vnZIkDGsvKCuTdtxm0GFmBjM1+w==}
    engines: {node: ^20.19.0 || >=22.12.0}
    cpu: [x64]
    os: [linux]

  '@oxfmt/binding-linux-x64-musl@0.35.0':
    resolution: {integrity: sha512-+HCqYCJPCUy5I+b2cf+gUVaApfgtoQT3HdnSg/l7NIcLHOhKstlYaGyrFZLmUpQt4WkFbpGKZZayG6zjRU0KFA==}
    engines: {node: ^20.19.0 || >=22.12.0}
    cpu: [x64]
    os: [linux]

  '@oxfmt/binding-openharmony-arm64@0.35.0':
    resolution: {integrity: sha512-kFYmWfR9YL78XyO5ws+1dsxNvZoD973qfVMNFOS4e9bcHXGF7DvGC2tY5UDFwyMCeB33t3sDIuGONKggnVNSJA==}
    engines: {node: ^20.19.0 || >=22.12.0}
    cpu: [arm64]
    os: [openharmony]

  '@oxfmt/binding-win32-arm64-msvc@0.35.0':
    resolution: {integrity: sha512-uD/NGdM65eKNCDGyTGdO8e9n3IHX+wwuorBvEYrPJXhDXL9qz6gzddmXH8EN04ejUXUujlq4FsoSeCfbg0Y+Jg==}
    engines: {node: ^20.19.0 || >=22.12.0}
    cpu: [arm64]
    os: [win32]

  '@oxfmt/binding-win32-ia32-msvc@0.35.0':
    resolution: {integrity: sha512-oSRD2k8J2uxYDEKR2nAE/YTY9PobOEnhZgCmspHu0+yBQ665yH8lFErQVSTE7fcGJmJp/cC6322/gc8VFuQf7g==}
    engines: {node: ^20.19.0 || >=22.12.0}
    cpu: [ia32]
    os: [win32]

  '@oxfmt/binding-win32-x64-msvc@0.35.0':
    resolution: {integrity: sha512-WCDJjlS95NboR0ugI2BEwzt1tYvRDorDRM9Lvctls1SLyKYuNRCyrPwp1urUPFBnwgBNn9p2/gnmo7gFMySRoQ==}
    engines: {node: ^20.19.0 || >=22.12.0}
    cpu: [x64]
    os: [win32]

  oxfmt@0.35.0:
    resolution: {integrity: sha512-QYeXWkP+aLt7utt5SLivNIk09glWx9QE235ODjgcEZ3sd1VMaUBSpLymh6ZRCA76gD2rMP4bXanUz/fx+nLM9Q==}
    engines: {node: ^20.19.0 || >=22.12.0}
    hasBin: true

  tinypool@2.1.0:
    resolution: {integrity: sha512-Pugqs6M0m7Lv1I7FtxN4aoyToKg1C4tu+/381vH35y8oENM/Ai7f7C4StcoK4/+BSw9ebcS8jRiVrORFKCALLw==}
    engines: {node: ^20.0.0 || >=22.0.0}

snapshots:

  '@oxfmt/binding-android-arm-eabi@0.35.0':
    optional: true

  '@oxfmt/binding-android-arm64@0.35.0':
    optional: true

  '@oxfmt/binding-darwin-arm64@0.35.0':
    optional: true

  '@oxfmt/binding-darwin-x64@0.35.0':
    optional: true

  '@oxfmt/binding-freebsd-x64@0.35.0':
    optional: true

  '@oxfmt/binding-linux-arm-gnueabihf@0.35.0':
    optional: true

  '@oxfmt/binding-linux-arm-musleabihf@0.35.0':
    optional: true

  '@oxfmt/binding-linux-arm64-gnu@0.35.0':
    optional: true

  '@oxfmt/binding-linux-arm64-musl@0.35.0':
    optional: true

  '@oxfmt/binding-linux-ppc64-gnu@0.35.0':
    optional: true

  '@oxfmt/binding-linux-riscv64-gnu@0.35.0':
    optional: true

  '@oxfmt/binding-linux-riscv64-musl@0.35.0':
    optional: true

  '@oxfmt/binding-linux-s390x-gnu@0.35.0':
    optional: true

  '@oxfmt/binding-linux-x64-gnu@0.35.0':
    optional: true

  '@oxfmt/binding-linux-x64-musl@0.35.0':
    optional: true

  '@oxfmt/binding-openharmony-arm64@0.35.0':
    optional: true

  '@oxfmt/binding-win32-arm64-msvc@0.35.0':
    optional: true

  '@oxfmt/binding-win32-ia32-msvc@0.35.0':
    optional: true

  '@oxfmt/binding-win32-x64-msvc@0.35.0':
    optional: true

  oxfmt@0.35.0:
    dependencies:
      tinypool: 2.1.0
    optionalDependencies:
      '@oxfmt/binding-android-arm-eabi': 0.35.0
      '@oxfmt/binding-android-arm64': 0.35.0
      '@oxfmt/binding-darwin-arm64': 0.35.0
      '@oxfmt/binding-darwin-x64': 0.35.0
      '@oxfmt/binding-freebsd-x64': 0.35.0
      '@oxfmt/binding-linux-arm-gnueabihf': 0.35.0
      '@oxfmt/binding-linux-arm-musleabihf': 0.35.0
      '@oxfmt/binding-linux-arm64-gnu': 0.35.0
      '@oxfmt/binding-linux-arm64-musl': 0.35.0
      '@oxfmt/binding-linux-ppc64-gnu': 0.35.0
      '@oxfmt/binding-linux-riscv64-gnu': 0.35.0
      '@oxfmt/binding-linux-riscv64-musl': 0.35.0
      '@oxfmt/binding-linux-s390x-gnu': 0.35.0
      '@oxfmt/binding-linux-x64-gnu': 0.35.0
      '@oxfmt/binding-linux-x64-musl': 0.35.0
      '@oxfmt/binding-openharmony-arm64': 0.35.0
      '@oxfmt/binding-win32-arm64-msvc': 0.35.0
      '@oxfmt/binding-win32-ia32-msvc': 0.35.0
      '@oxfmt/binding-win32-x64-msvc': 0.35.0

  tinypool@2.1.0: {}
